hash: b9edc727ec34da5dc9c1a66a697bc19346a958bc2dfbc14a222e4138f74af15d
updated: 2017-10-19T12:22:58.674353289+02:00
imports:
- name: github.com/cenkalti/backoff
  version: 61153c768f31ee5f130071d08fc82b85208528de
- name: github.com/giantswarm/microerror
  version: 5ade94eb4ee35ef72eb9382228470caeddb29989
- name: github.com/giantswarm/micrologger
  version: 8a69b2ab80ba2d0bd40d609206518fefacfc8fdf
- name: github.com/inconshreveable/mousetrap
  version: 76626ae9c91c4f2a10f34cad8ce83ea42c93bb75
- name: github.com/spf13/afero
  version: e67d870304c4bca21331b02f414f970df13aa694
  subpackages:
  - mem
- name: github.com/spf13/cobra
  version: 7b2c5ac9fc04fc5efafb60700713d4fa609b777b
- name: github.com/spf13/pflag
  version: 1f33b80956cde38911d1f23d764deb8d77a649ce
- name: gopkg.in/yaml.v2
  version: eb3733d160e74a9c7e442f435eb3bea458e1d19f
testImports:
- name: golang.org/x/text
  version: 2910a502d2bf9e43193af9d68ca516529614eed3
  subpackages:
  - transform
  - unicode/norm
